
Microsoft Visual Studio Solution File, Format Version 12.00
# Visual Studio Version 16
VisualStudioVersion = 16.0.31829.152
MinimumVisualStudioVersion = 10.0.40219.1
Project("{FAE04EC0-301F-11D3-BF4B-00C04F79EFBC}") = "Matrix sort", "Matrix sort\Matrix sort.csproj", "{FA223F0A-DD0B-4A6E-9502-E6D2A5616A76}"
EndProject
Global
	GlobalSection(SolutionConfigurationPlatforms) = preSolution
		Debug|Any CPU = Debug|Any CPU
		Release|Any CPU = Release|Any CPU
	EndGlobalSection
	GlobalSection(ProjectConfigurationPlatforms) = postSolution
		{FA223F0A-DD0B-4A6E-9502-E6D2A5616A76}.Debug|Any CPU.ActiveCfg = Debug|Any CPU
		{FA223F0A-DD0B-4A6E-9502-E6D2A5616A76}.Debug|Any CPU.Build.0 = Debug|Any CPU
		{FA223F0A-DD0B-4A6E-9502-E6D2A5616A76}.Release|Any CPU.ActiveCfg = Release|Any CPU
		{FA223F0A-DD0B-4A6E-9502-E6D2A5616A76}.Release|Any CPU.Build.0 = Release|Any CPU
	EndGlobalSection
	GlobalSection(SolutionProperties) = preSolution
		HideSolutionNode = FALSE
	EndGlobalSection
	GlobalSection(ExtensibilityGlobals) = postSolution
		SolutionGuid = {7B5D5469-61AC-4796-A5A9-FAA143881A90}
	EndGlobalSection
EndGlobal
